
Microsoft Visual Studio Solution File, Format Version 12.00
# Visual Studio Version 17
VisualStudioVersion = 17.8.34330.188
MinimumVisualStudioVersion = 10.0.40219.1
Project("{FAE04EC0-301F-11D3-BF4B-00C04F79EFBC}") = "Caribbean.API", "Caribbean.API\Caribbean.API.csproj", "{102A2628-390E-496E-BAF5-D11B890B6F57}"
EndProject
Project("{FAE04EC0-301F-11D3-BF4B-00C04F79EFBC}") = "Caribbean.Services", "Caribbean.Services\Caribbean.Services.csproj", "{CDDB20A4-FD79-4609-AFA2-BB4101AC28DB}"
EndProject
Project("{FAE04EC0-301F-11D3-BF4B-00C04F79EFBC}") = "Caribbean.Test", "Caribbean.Test\Caribbean.Test.csproj", "{0C40C7BB-1D8F-4146-8714-EEB9F6F2D0D9}"
EndProject
Global
	GlobalSection(SolutionConfigurationPlatforms) = preSolution
		Debug|Any CPU = Debug|Any CPU
		Release|Any CPU = Release|Any CPU
	EndGlobalSection
	GlobalSection(ProjectConfigurationPlatforms) = postSolution
		{102A2628-390E-496E-BAF5-D11B890B6F57}.Debug|Any CPU.ActiveCfg = Debug|Any CPU
		{102A2628-390E-496E-BAF5-D11B890B6F57}.Debug|Any CPU.Build.0 = Debug|Any CPU
		{102A2628-390E-496E-BAF5-D11B890B6F57}.Release|Any CPU.ActiveCfg = Release|Any CPU
		{102A2628-390E-496E-BAF5-D11B890B6F57}.Release|Any CPU.Build.0 = Release|Any CPU
		{CDDB20A4-FD79-4609-AFA2-BB4101AC28DB}.Debug|Any CPU.ActiveCfg = Debug|Any CPU
		{CDDB20A4-FD79-4609-AFA2-BB4101AC28DB}.Debug|Any CPU.Build.0 = Debug|Any CPU
		{CDDB20A4-FD79-4609-AFA2-BB4101AC28DB}.Release|Any CPU.ActiveCfg = Release|Any CPU
		{CDDB20A4-FD79-4609-AFA2-BB4101AC28DB}.Release|Any CPU.Build.0 = Release|Any CPU
		{0C40C7BB-1D8F-4146-8714-EEB9F6F2D0D9}.Debug|Any CPU.ActiveCfg = Debug|Any CPU
		{0C40C7BB-1D8F-4146-8714-EEB9F6F2D0D9}.Debug|Any CPU.Build.0 = Debug|Any CPU
		{0C40C7BB-1D8F-4146-8714-EEB9F6F2D0D9}.Release|Any CPU.ActiveCfg = Release|Any CPU
		{0C40C7BB-1D8F-4146-8714-EEB9F6F2D0D9}.Release|Any CPU.Build.0 = Release|Any CPU
	EndGlobalSection
	GlobalSection(SolutionProperties) = preSolution
		HideSolutionNode = FALSE
	EndGlobalSection
	GlobalSection(ExtensibilityGlobals) = postSolution
		SolutionGuid = {53A6A539-A2F9-4049-93D3-4782D367D1C8}
	EndGlobalSection
EndGlobal
